
Microsoft Visual Studio Solution File, Format Version 12.00
# Visual Studio 15
VisualStudioVersion = 15.0.28307.572
MinimumVisualStudioVersion = 10.0.40219.1
Project("{FAE04EC0-301F-11D3-BF4B-00C04F79EFBC}") = "MultiDetector", "MultiDetector.csproj", "{171F4C39-9B19-4A3D-A7C5-B4C2B23D8521}"
EndProject
Global
	GlobalSection(SolutionConfigurationPlatforms) = preSolution
		Debug|Any CPU = Debug|Any CPU
		Release|Any CPU = Release|Any CPU
	EndGlobalSection
	GlobalSection(ProjectConfigurationPlatforms) = postSolution
		{171F4C39-9B19-4A3D-A7C5-B4C2B23D8521}.Debug|Any CPU.ActiveCfg = Debug|Any CPU
		{171F4C39-9B19-4A3D-A7C5-B4C2B23D8521}.Debug|Any CPU.Build.0 = Debug|Any CPU
		{171F4C39-9B19-4A3D-A7C5-B4C2B23D8521}.Release|Any CPU.ActiveCfg = Release|Any CPU
		{171F4C39-9B19-4A3D-A7C5-B4C2B23D8521}.Release|Any CPU.Build.0 = Release|Any CPU
	EndGlobalSection
	GlobalSection(SolutionProperties) = preSolution
		HideSolutionNode = FALSE
	EndGlobalSection
	GlobalSection(ExtensibilityGlobals) = postSolution
		SolutionGuid = {1063B4BB-A6E7-46CF-97B5-5D1DC9C39FAE}
	EndGlobalSection
EndGlobal
